
Microsoft Visual Studio Solution File, Format Version 12.00
# Visual Studio 15
VisualStudioVersion = 15.0.28010.0
MinimumVisualStudioVersion = 10.0.40219.1
Project("{FAE04EC0-301F-11D3-BF4B-00C04F79EFBC}") = "AdvanceDatabase_ManagementSystem_shop", "AdvanceDatabase_ManagementSystem_shop\AdvanceDatabase_ManagementSystem_shop.csproj", "{3735D8E0-AE25-4B7D-9D68-012983C0B29F}"
EndProject
Global
	GlobalSection(SolutionConfigurationPlatforms) = preSolution
		Debug|Any CPU = Debug|Any CPU
		Release|Any CPU = Release|Any CPU
	EndGlobalSection
	GlobalSection(ProjectConfigurationPlatforms) = postSolution
		{3735D8E0-AE25-4B7D-9D68-012983C0B29F}.Debug|Any CPU.ActiveCfg = Debug|Any CPU
		{3735D8E0-AE25-4B7D-9D68-012983C0B29F}.Debug|Any CPU.Build.0 = Debug|Any CPU
		{3735D8E0-AE25-4B7D-9D68-012983C0B29F}.Release|Any CPU.ActiveCfg = Release|Any CPU
		{3735D8E0-AE25-4B7D-9D68-012983C0B29F}.Release|Any CPU.Build.0 = Release|Any CPU
	EndGlobalSection
	GlobalSection(SolutionProperties) = preSolution
		HideSolutionNode = FALSE
	EndGlobalSection
	GlobalSection(ExtensibilityGlobals) = postSolution
		SolutionGuid = {383BBCBB-E59B-45F1-A6D8-AD260920E531}
	EndGlobalSection
EndGlobal
